
Microsoft Visual Studio Solution File, Format Version 12.00
# Visual Studio 14
VisualStudioVersion = 14.0.24720.0
MinimumVisualStudioVersion = 10.0.40219.1
Project("{8BC9CEB8-8B4A-11D0-8D11-00A0C91BC942}") = "BoopAI", "BoopAI\BoopAI.vcxproj", "{B13C4861-785A-4A5F-830E-69D2E6DF66A0}"
	ProjectSection(ProjectDependencies) = postProject
		{98400D17-43A5-1A40-95BE-C53AC78E7694} = {98400D17-43A5-1A40-95BE-C53AC78E7694}
	EndProjectSection
EndProject
Project("{8BC9CEB8-8B4A-11D0-8D11-00A0C91BC942}") = "Box2D", "Box2D\Build\vs2013\Box2D.vcxproj", "{98400D17-43A5-1A40-95BE-C53AC78E7694}"
EndProject
Project("{8BC9CEB8-8B4A-11D0-8D11-00A0C91BC942}") = "BoopAI_Web", "BoopAI_Web\BoopAI_Web.vcxproj", "{3DECCEA9-ED43-4A42-941F-28C80732262E}"
EndProject
Global
	GlobalSection(SolutionConfigurationPlatforms) = preSolution
		Debug|Any CPU = Debug|Any CPU
		Debug|Win32 = Debug|Win32
		Debug|x64 = Debug|x64
		Debug|x86 = Debug|x86
		Release|Any CPU = Release|Any CPU
		Release|Win32 = Release|Win32
		Release|x64 = Release|x64
		Release|x86 = Release|x86
	EndGlobalSection
	GlobalSection(ProjectConfigurationPlatforms) = postSolution
		{B13C4861-785A-4A5F-830E-69D2E6DF66A0}.Debug|Any CPU.ActiveCfg = Debug|Win32
		{B13C4861-785A-4A5F-830E-69D2E6DF66A0}.Debug|Any CPU.Build.0 = Debug|Win32
		{B13C4861-785A-4A5F-830E-69D2E6DF66A0}.Debug|Win32.ActiveCfg = Debug|Win32
		{B13C4861-785A-4A5F-830E-69D2E6DF66A0}.Debug|Win32.Build.0 = Debug|Win32
		{B13C4861-785A-4A5F-830E-69D2E6DF66A0}.Debug|x64.ActiveCfg = Debug|Win32
		{B13C4861-785A-4A5F-830E-69D2E6DF66A0}.Debug|x64.Build.0 = Debug|Win32
		{B13C4861-785A-4A5F-830E-69D2E6DF66A0}.Debug|x86.ActiveCfg = Debug|Win32
		{B13C4861-785A-4A5F-830E-69D2E6DF66A0}.Debug|x86.Build.0 = Debug|Win32
		{B13C4861-785A-4A5F-830E-69D2E6DF66A0}.Release|Any CPU.ActiveCfg = Release|Win32
		{B13C4861-785A-4A5F-830E-69D2E6DF66A0}.Release|Any CPU.Build.0 = Release|Win32
		{B13C4861-785A-4A5F-830E-69D2E6DF66A0}.Release|Win32.ActiveCfg = Release|Win32
		{B13C4861-785A-4A5F-830E-69D2E6DF66A0}.Release|Win32.Build.0 = Release|Win32
		{B13C4861-785A-4A5F-830E-69D2E6DF66A0}.Release|x64.ActiveCfg = Release|Win32
		{B13C4861-785A-4A5F-830E-69D2E6DF66A0}.Release|x64.Build.0 = Release|Win32
		{B13C4861-785A-4A5F-830E-69D2E6DF66A0}.Release|x86.ActiveCfg = Release|Win32
		{B13C4861-785A-4A5F-830E-69D2E6DF66A0}.Release|x86.Build.0 = Release|Win32
		{98400D17-43A5-1A40-95BE-C53AC78E7694}.Debug|Any CPU.ActiveCfg = Debug|Win32
		{98400D17-43A5-1A40-95BE-C53AC78E7694}.Debug|Any CPU.Build.0 = Debug|Win32
		{98400D17-43A5-1A40-95BE-C53AC78E7694}.Debug|Win32.ActiveCfg = Debug|Win32
		{98400D17-43A5-1A40-95BE-C53AC78E7694}.Debug|Win32.Build.0 = Debug|Win32
		{98400D17-43A5-1A40-95BE-C53AC78E7694}.Debug|x64.ActiveCfg = Debug|Win32
		{98400D17-43A5-1A40-95BE-C53AC78E7694}.Debug|x64.Build.0 = Debug|Win32
		{98400D17-43A5-1A40-95BE-C53AC78E7694}.Debug|x86.ActiveCfg = Debug|Win32
		{98400D17-43A5-1A40-95BE-C53AC78E7694}.Debug|x86.Build.0 = Debug|Win32
		{98400D17-43A5-1A40-95BE-C53AC78E7694}.Release|Any CPU.ActiveCfg = Release|Win32
		{98400D17-43A5-1A40-95BE-C53AC78E7694}.Release|Any CPU.Build.0 = Release|Win32
		{98400D17-43A5-1A40-95BE-C53AC78E7694}.Release|Win32.ActiveCfg = Release|Win32
		{98400D17-43A5-1A40-95BE-C53AC78E7694}.Release|Win32.Build.0 = Release|Win32
		{98400D17-43A5-1A40-95BE-C53AC78E7694}.Release|x64.ActiveCfg = Release|Win32
		{98400D17-43A5-1A40-95BE-C53AC78E7694}.Release|x64.Build.0 = Release|Win32
		{98400D17-43A5-1A40-95BE-C53AC78E7694}.Release|x86.ActiveCfg = Release|Win32
		{98400D17-43A5-1A40-95BE-C53AC78E7694}.Release|x86.Build.0 = Release|Win32
		{3DECCEA9-ED43-4A42-941F-28C80732262E}.Debug|Any CPU.ActiveCfg = Debug|Win32
		{3DECCEA9-ED43-4A42-941F-28C80732262E}.Debug|Win32.ActiveCfg = Debug|Win32
		{3DECCEA9-ED43-4A42-941F-28C80732262E}.Debug|Win32.Build.0 = Debug|Win32
		{3DECCEA9-ED43-4A42-941F-28C80732262E}.Debug|x64.ActiveCfg = Debug|x64
		{3DECCEA9-ED43-4A42-941F-28C80732262E}.Debug|x64.Build.0 = Debug|x64
		{3DECCEA9-ED43-4A42-941F-28C80732262E}.Debug|x86.ActiveCfg = Debug|Win32
		{3DECCEA9-ED43-4A42-941F-28C80732262E}.Debug|x86.Build.0 = Debug|Win32
		{3DECCEA9-ED43-4A42-941F-28C80732262E}.Release|Any CPU.ActiveCfg = Release|Win32
		{3DECCEA9-ED43-4A42-941F-28C80732262E}.Release|Win32.ActiveCfg = Release|Win32
		{3DECCEA9-ED43-4A42-941F-28C80732262E}.Release|Win32.Build.0 = Release|Win32
		{3DECCEA9-ED43-4A42-941F-28C80732262E}.Release|x64.ActiveCfg = Release|x64
		{3DECCEA9-ED43-4A42-941F-28C80732262E}.Release|x64.Build.0 = Release|x64
		{3DECCEA9-ED43-4A42-941F-28C80732262E}.Release|x86.ActiveCfg = Release|Win32
		{3DECCEA9-ED43-4A42-941F-28C80732262E}.Release|x86.Build.0 = Release|Win32
	EndGlobalSection
	GlobalSection(SolutionProperties) = preSolution
		HideSolutionNode = FALSE
	EndGlobalSection
EndGlobal
