
Microsoft Visual Studio Solution File, Format Version 12.00
# Visual Studio 14
VisualStudioVersion = 14.0.23107.0
MinimumVisualStudioVersion = 10.0.40219.1
Project("{8BC9CEB8-8B4A-11D0-8D11-00A0C91BC942}") = "BoopAI", "BoopAI\BoopAI.vcxproj", "{B13C4861-785A-4A5F-830E-69D2E6DF66A0}"
EndProject
Project("{54435603-DBB4-11D2-8724-00A0C9A8B90C}") = "AnooAI Setup", "AnooAI Setup\AnooAI Setup.vdproj", "{53AAE44B-C40A-4EEB-AAE9-F8DF8C37E649}"
EndProject
Project("{8BC9CEB8-8B4A-11D0-8D11-00A0C91BC942}") = "Box2D", "..\..\..\..\Source\Repos\Box2D\Box2D\Build\vs2013\Box2D.vcxproj", "{98400D17-43A5-1A40-95BE-C53AC78E7694}"
EndProject
Global
	GlobalSection(SolutionConfigurationPlatforms) = preSolution
		Debug|Win32 = Debug|Win32
		Debug|x64 = Debug|x64
		Debug|x86 = Debug|x86
		Release|Win32 = Release|Win32
		Release|x64 = Release|x64
		Release|x86 = Release|x86
	EndGlobalSection
	GlobalSection(ProjectConfigurationPlatforms) = postSolution
		{B13C4861-785A-4A5F-830E-69D2E6DF66A0}.Debug|Win32.ActiveCfg = Debug|Win32
		{B13C4861-785A-4A5F-830E-69D2E6DF66A0}.Debug|Win32.Build.0 = Debug|Win32
		{B13C4861-785A-4A5F-830E-69D2E6DF66A0}.Debug|x64.ActiveCfg = Debug|x64
		{B13C4861-785A-4A5F-830E-69D2E6DF66A0}.Debug|x64.Build.0 = Debug|x64
		{B13C4861-785A-4A5F-830E-69D2E6DF66A0}.Debug|x86.ActiveCfg = Debug|Win32
		{B13C4861-785A-4A5F-830E-69D2E6DF66A0}.Debug|x86.Build.0 = Debug|Win32
		{B13C4861-785A-4A5F-830E-69D2E6DF66A0}.Release|Win32.ActiveCfg = Release|Win32
		{B13C4861-785A-4A5F-830E-69D2E6DF66A0}.Release|Win32.Build.0 = Release|Win32
		{B13C4861-785A-4A5F-830E-69D2E6DF66A0}.Release|x64.ActiveCfg = Release|x64
		{B13C4861-785A-4A5F-830E-69D2E6DF66A0}.Release|x64.Build.0 = Release|x64
		{B13C4861-785A-4A5F-830E-69D2E6DF66A0}.Release|x86.ActiveCfg = Release|Win32
		{B13C4861-785A-4A5F-830E-69D2E6DF66A0}.Release|x86.Build.0 = Release|Win32
		{53AAE44B-C40A-4EEB-AAE9-F8DF8C37E649}.Debug|Win32.ActiveCfg = Debug
		{53AAE44B-C40A-4EEB-AAE9-F8DF8C37E649}.Debug|Win32.Build.0 = Debug
		{53AAE44B-C40A-4EEB-AAE9-F8DF8C37E649}.Debug|x64.ActiveCfg = Debug
		{53AAE44B-C40A-4EEB-AAE9-F8DF8C37E649}.Debug|x86.ActiveCfg = Debug
		{53AAE44B-C40A-4EEB-AAE9-F8DF8C37E649}.Release|Win32.ActiveCfg = Release
		{53AAE44B-C40A-4EEB-AAE9-F8DF8C37E649}.Release|Win32.Build.0 = Release
		{53AAE44B-C40A-4EEB-AAE9-F8DF8C37E649}.Release|x64.ActiveCfg = Release
		{53AAE44B-C40A-4EEB-AAE9-F8DF8C37E649}.Release|x86.ActiveCfg = Release
		{98400D17-43A5-1A40-95BE-C53AC78E7694}.Debug|Win32.ActiveCfg = Debug|Win32
		{98400D17-43A5-1A40-95BE-C53AC78E7694}.Debug|Win32.Build.0 = Debug|Win32
		{98400D17-43A5-1A40-95BE-C53AC78E7694}.Debug|x64.ActiveCfg = Debug|x64
		{98400D17-43A5-1A40-95BE-C53AC78E7694}.Debug|x64.Build.0 = Debug|x64
		{98400D17-43A5-1A40-95BE-C53AC78E7694}.Debug|x86.ActiveCfg = Debug|Win32
		{98400D17-43A5-1A40-95BE-C53AC78E7694}.Debug|x86.Build.0 = Debug|Win32
		{98400D17-43A5-1A40-95BE-C53AC78E7694}.Release|Win32.ActiveCfg = Release|Win32
		{98400D17-43A5-1A40-95BE-C53AC78E7694}.Release|Win32.Build.0 = Release|Win32
		{98400D17-43A5-1A40-95BE-C53AC78E7694}.Release|x64.ActiveCfg = Release|x64
		{98400D17-43A5-1A40-95BE-C53AC78E7694}.Release|x64.Build.0 = Release|x64
		{98400D17-43A5-1A40-95BE-C53AC78E7694}.Release|x86.ActiveCfg = Release|Win32
		{98400D17-43A5-1A40-95BE-C53AC78E7694}.Release|x86.Build.0 = Release|Win32
	EndGlobalSection
	GlobalSection(SolutionProperties) = preSolution
		HideSolutionNode = FALSE
	EndGlobalSection
EndGlobal
